
Microsoft Visual Studio Solution File, Format Version 12.00
# Visual Studio Version 17
VisualStudioVersion = 17.4.33213.308
MinimumVisualStudioVersion = 10.0.40219.1
Project("{FAE04EC0-301F-11D3-BF4B-00C04F79EFBC}") = "Interactionerg1", "Interactionerg1\Interactionerg1.csproj", "{8D6925C0-E281-4EA7-A036-7D6C12483150}"
EndProject
Global
	GlobalSection(SolutionConfigurationPlatforms) = preSolution
		Debug|Any CPU = Debug|Any CPU
		Release|Any CPU = Release|Any CPU
	EndGlobalSection
	GlobalSection(ProjectConfigurationPlatforms) = postSolution
		{8D6925C0-E281-4EA7-A036-7D6C12483150}.Debug|Any CPU.ActiveCfg = Debug|Any CPU
		{8D6925C0-E281-4EA7-A036-7D6C12483150}.Debug|Any CPU.Build.0 = Debug|Any CPU
		{8D6925C0-E281-4EA7-A036-7D6C12483150}.Release|Any CPU.ActiveCfg = Release|Any CPU
		{8D6925C0-E281-4EA7-A036-7D6C12483150}.Release|Any CPU.Build.0 = Release|Any CPU
	EndGlobalSection
	GlobalSection(SolutionProperties) = preSolution
		HideSolutionNode = FALSE
	EndGlobalSection
	GlobalSection(ExtensibilityGlobals) = postSolution
		SolutionGuid = {56860249-90B2-40AA-A8F4-2B9BE27E4766}
	EndGlobalSection
EndGlobal
